
Microsoft Visual Studio Solution File, Format Version 11.00
# Visual Studio 2010
Project("{FAE04EC0-301F-11D3-BF4B-00C04F79EFBC}") = "cd9bca20d9763a043bfaa295fe2dab8f", "Assembly-CSharp.csproj", "{68B97B38-BC3B-A965-C58B-9E8E0243E2DA}"
EndProject
Project("{FAE04EC0-301F-11D3-BF4B-00C04F79EFBC}") = "cd9bca20d9763a043bfaa295fe2dab8f", "Assembly-CSharp-Editor.csproj", "{8E910C30-97CB-33C8-60CD-351C7DD988B7}"
EndProject
Global
	GlobalSection(SolutionConfigurationPlatforms) = preSolution
		Debug|Any CPU = Debug|Any CPU
		Release|Any CPU = Release|Any CPU
	EndGlobalSection
	GlobalSection(ProjectConfigurationPlatforms) = postSolution
		{68B97B38-BC3B-A965-C58B-9E8E0243E2DA}.Debug|Any CPU.ActiveCfg = Debug|Any CPU
		{68B97B38-BC3B-A965-C58B-9E8E0243E2DA}.Debug|Any CPU.Build.0 = Debug|Any CPU
		{68B97B38-BC3B-A965-C58B-9E8E0243E2DA}.Release|Any CPU.ActiveCfg = Release|Any CPU
		{68B97B38-BC3B-A965-C58B-9E8E0243E2DA}.Release|Any CPU.Build.0 = Release|Any CPU
		{8E910C30-97CB-33C8-60CD-351C7DD988B7}.Debug|Any CPU.ActiveCfg = Debug|Any CPU
		{8E910C30-97CB-33C8-60CD-351C7DD988B7}.Debug|Any CPU.Build.0 = Debug|Any CPU
		{8E910C30-97CB-33C8-60CD-351C7DD988B7}.Release|Any CPU.ActiveCfg = Release|Any CPU
		{8E910C30-97CB-33C8-60CD-351C7DD988B7}.Release|Any CPU.Build.0 = Release|Any CPU
	EndGlobalSection
	GlobalSection(SolutionProperties) = preSolution
		HideSolutionNode = FALSE
	EndGlobalSection
	GlobalSection(MonoDevelopProperties) = preSolution
		StartupItem = Assembly-CSharp.csproj
	EndGlobalSection
EndGlobal
